
Microsoft Visual Studio Solution File, Format Version 12.00
# Visual Studio Version 16
VisualStudioVersion = 16.0.29709.97
MinimumVisualStudioVersion = 10.0.40219.1
Project("{FAE04EC0-301F-11D3-BF4B-00C04F79EFBC}") = "Ch09ClassLibrary", "Ch09ClassLibrary\Ch09ClassLibrary.csproj", "{D64D0F17-5175-4E38-992E-EAD11C60020D}"
EndProject
Global
	GlobalSection(SolutionConfigurationPlatforms) = preSolution
		Debug|Any CPU = Debug|Any CPU
		Release|Any CPU = Release|Any CPU
	EndGlobalSection
	GlobalSection(ProjectConfigurationPlatforms) = postSolution
		{D64D0F17-5175-4E38-992E-EAD11C60020D}.Debug|Any CPU.ActiveCfg = Debug|Any CPU
		{D64D0F17-5175-4E38-992E-EAD11C60020D}.Debug|Any CPU.Build.0 = Debug|Any CPU
		{D64D0F17-5175-4E38-992E-EAD11C60020D}.Release|Any CPU.ActiveCfg = Release|Any CPU
		{D64D0F17-5175-4E38-992E-EAD11C60020D}.Release|Any CPU.Build.0 = Release|Any CPU
	EndGlobalSection
	GlobalSection(SolutionProperties) = preSolution
		HideSolutionNode = FALSE
	EndGlobalSection
	GlobalSection(ExtensibilityGlobals) = postSolution
		SolutionGuid = {177F7512-A6C8-4709-A1CE-AFE7A88257F3}
	EndGlobalSection
EndGlobal
