
Microsoft Visual Studio Solution File, Format Version 12.00
# Visual Studio Version 16
VisualStudioVersion = 16.0.29709.97
MinimumVisualStudioVersion = 10.0.40219.1
Project("{FAE04EC0-301F-11D3-BF4B-00C04F79EFBC}") = "Ch09Ex02", "Ch09Ex02\Ch09Ex02.csproj", "{2CF3186C-1DCD-47F1-8419-088511166718}"
EndProject
Global
	GlobalSection(SolutionConfigurationPlatforms) = preSolution
		Debug|Any CPU = Debug|Any CPU
		Release|Any CPU = Release|Any CPU
	EndGlobalSection
	GlobalSection(ProjectConfigurationPlatforms) = postSolution
		{2CF3186C-1DCD-47F1-8419-088511166718}.Debug|Any CPU.ActiveCfg = Debug|Any CPU
		{2CF3186C-1DCD-47F1-8419-088511166718}.Debug|Any CPU.Build.0 = Debug|Any CPU
		{2CF3186C-1DCD-47F1-8419-088511166718}.Release|Any CPU.ActiveCfg = Release|Any CPU
		{2CF3186C-1DCD-47F1-8419-088511166718}.Release|Any CPU.Build.0 = Release|Any CPU
	EndGlobalSection
	GlobalSection(SolutionProperties) = preSolution
		HideSolutionNode = FALSE
	EndGlobalSection
	GlobalSection(ExtensibilityGlobals) = postSolution
		SolutionGuid = {C4E03297-ADC5-4472-9B3C-9682273DD461}
	EndGlobalSection
EndGlobal
